
Microsoft Visual Studio Solution File, Format Version 12.00
# Visual Studio 14
VisualStudioVersion = 14.0.25123.0
MinimumVisualStudioVersion = 10.0.40219.1
Project("{FAE04EC0-301F-11D3-BF4B-00C04F79EFBC}") = "RasperryServiceHost", "RasperryServiceHost\RasperryServiceHost.csproj", "{454F4086-9408-4A3E-8113-78AB7348E36F}"
EndProject
Project("{FAE04EC0-301F-11D3-BF4B-00C04F79EFBC}") = "RasperryContracts", "RasperryContracts\RasperryContracts.csproj", "{5AD9A038-9D61-4862-B91A-54BF0573362F}"
EndProject
Project("{2150E333-8FDC-42A3-9474-1A3956D46DE8}") = "Cucumber.Imp", "Cucumber.Imp", "{430C1BD3-5BE5-46E7-86B1-5E82E3FA58A5}"
EndProject
Project("{2150E333-8FDC-42A3-9474-1A3956D46DE8}") = "Cucumber.Test", "Cucumber.Test", "{84E78CF3-0BDE-4C10-B137-406673B5EFEA}"
EndProject
Project("{FAE04EC0-301F-11D3-BF4B-00C04F79EFBC}") = "RasperryServiceHost.Test", "RasperryServiceHost.Test\RasperryServiceHost.Test.csproj", "{5071C752-DABF-41CF-94AA-1000652D17D3}"
EndProject
Project("{2150E333-8FDC-42A3-9474-1A3956D46DE8}") = "CrossClient", "CrossClient", "{DFEC69F4-EBCC-4705-9B35-01FBE3321701}"
EndProject
Project("{FAE04EC0-301F-11D3-BF4B-00C04F79EFBC}") = "RasperryClient.Droid", "RasperryClient\RasperryClient.Droid\RasperryClient.Droid.csproj", "{2C3CB59D-BE7C-43BE-B01C-28B97BFEDB63}"
EndProject
Project("{FAE04EC0-301F-11D3-BF4B-00C04F79EFBC}") = "RasperryClient.iOS", "RasperryClient\RasperryClient.iOS\RasperryClient.iOS.csproj", "{7048E275-821E-42C1-918D-C209795F7408}"
EndProject
Project("{FAE04EC0-301F-11D3-BF4B-00C04F79EFBC}") = "RasperryClient.WinPhone", "RasperryClient\RasperryClient.WinPhone\RasperryClient.WinPhone.csproj", "{CBC3449D-B205-46BB-8DDA-77B71E61C334}"
EndProject
Project("{D954291E-2A0B-460D-934E-DC6B0785DB48}") = "RasperryClient", "RasperryClient\RasperryClient\RasperryClient.shproj", "{009855CD-69D2-43E8-BD28-71058CA9EF05}"
EndProject
Project("{2150E333-8FDC-42A3-9474-1A3956D46DE8}") = "Common", "Common", "{40789A5B-23D8-477F-BF48-5C07DA26E026}"
EndProject
Project("{FAE04EC0-301F-11D3-BF4B-00C04F79EFBC}") = "Rasperry.Common", "Rasperry.Common\Rasperry.Common.csproj", "{E5F4D40D-059E-46DB-A083-8731E485D74D}"
EndProject
Global
	GlobalSection(SharedMSBuildProjectFiles) = preSolution
		RasperryClient\RasperryClient\RasperryClient.projitems*{2c3cb59d-be7c-43be-b01c-28b97bfedb63}*SharedItemsImports = 4
		RasperryClient\RasperryClient\RasperryClient.projitems*{cbc3449d-b205-46bb-8dda-77b71e61c334}*SharedItemsImports = 4
		RasperryClient\RasperryClient\RasperryClient.projitems*{009855cd-69d2-43e8-bd28-71058ca9ef05}*SharedItemsImports = 13
		RasperryClient\RasperryClient\RasperryClient.projitems*{7048e275-821e-42c1-918d-c209795f7408}*SharedItemsImports = 4
	EndGlobalSection
	GlobalSection(SolutionConfigurationPlatforms) = preSolution
		AppStore|Any CPU = AppStore|Any CPU
		AppStore|ARM = AppStore|ARM
		AppStore|iPhone = AppStore|iPhone
		AppStore|iPhoneSimulator = AppStore|iPhoneSimulator
		AppStore|x86 = AppStore|x86
		Debug|Any CPU = Debug|Any CPU
		Debug|ARM = Debug|ARM
		Debug|iPhone = Debug|iPhone
		Debug|iPhoneSimulator = Debug|iPhoneSimulator
		Debug|x86 = Debug|x86
		Release|Any CPU = Release|Any CPU
		Release|ARM = Release|ARM
		Release|iPhone = Release|iPhone
		Release|iPhoneSimulator = Release|iPhoneSimulator
		Release|x86 = Release|x86
	EndGlobalSection
	GlobalSection(ProjectConfigurationPlatforms) = postSolution
		{454F4086-9408-4A3E-8113-78AB7348E36F}.AppStore|Any CPU.ActiveCfg = Release|Any CPU
		{454F4086-9408-4A3E-8113-78AB7348E36F}.AppStore|Any CPU.Build.0 = Release|Any CPU
		{454F4086-9408-4A3E-8113-78AB7348E36F}.AppStore|ARM.ActiveCfg = Release|Any CPU
		{454F4086-9408-4A3E-8113-78AB7348E36F}.AppStore|ARM.Build.0 = Release|Any CPU
		{454F4086-9408-4A3E-8113-78AB7348E36F}.AppStore|iPhone.ActiveCfg = Release|Any CPU
		{454F4086-9408-4A3E-8113-78AB7348E36F}.AppStore|iPhone.Build.0 = Release|Any CPU
		{454F4086-9408-4A3E-8113-78AB7348E36F}.AppStore|iPhoneSimulator.ActiveCfg = Release|Any CPU
		{454F4086-9408-4A3E-8113-78AB7348E36F}.AppStore|iPhoneSimulator.Build.0 = Release|Any CPU
		{454F4086-9408-4A3E-8113-78AB7348E36F}.AppStore|x86.ActiveCfg = Release|Any CPU
		{454F4086-9408-4A3E-8113-78AB7348E36F}.AppStore|x86.Build.0 = Release|Any CPU
		{454F4086-9408-4A3E-8113-78AB7348E36F}.Debug|Any CPU.ActiveCfg = Debug|Any CPU
		{454F4086-9408-4A3E-8113-78AB7348E36F}.Debug|Any CPU.Build.0 = Debug|Any CPU
		{454F4086-9408-4A3E-8113-78AB7348E36F}.Debug|ARM.ActiveCfg = Debug|Any CPU
		{454F4086-9408-4A3E-8113-78AB7348E36F}.Debug|ARM.Build.0 = Debug|Any CPU
		{454F4086-9408-4A3E-8113-78AB7348E36F}.Debug|iPhone.ActiveCfg = Debug|Any CPU
		{454F4086-9408-4A3E-8113-78AB7348E36F}.Debug|iPhone.Build.0 = Debug|Any CPU
		{454F4086-9408-4A3E-8113-78AB7348E36F}.Debug|iPhoneSimulator.ActiveCfg = Debug|Any CPU
		{454F4086-9408-4A3E-8113-78AB7348E36F}.Debug|iPhoneSimulator.Build.0 = Debug|Any CPU
		{454F4086-9408-4A3E-8113-78AB7348E36F}.Debug|x86.ActiveCfg = Debug|Any CPU
		{454F4086-9408-4A3E-8113-78AB7348E36F}.Debug|x86.Build.0 = Debug|Any CPU
		{454F4086-9408-4A3E-8113-78AB7348E36F}.Release|Any CPU.ActiveCfg = Release|Any CPU
		{454F4086-9408-4A3E-8113-78AB7348E36F}.Release|Any CPU.Build.0 = Release|Any CPU
		{454F4086-9408-4A3E-8113-78AB7348E36F}.Release|ARM.ActiveCfg = Release|Any CPU
		{454F4086-9408-4A3E-8113-78AB7348E36F}.Release|ARM.Build.0 = Release|Any CPU
		{454F4086-9408-4A3E-8113-78AB7348E36F}.Release|iPhone.ActiveCfg = Release|Any CPU
		{454F4086-9408-4A3E-8113-78AB7348E36F}.Release|iPhone.Build.0 = Release|Any CPU
		{454F4086-9408-4A3E-8113-78AB7348E36F}.Release|iPhoneSimulator.ActiveCfg = Release|Any CPU
		{454F4086-9408-4A3E-8113-78AB7348E36F}.Release|iPhoneSimulator.Build.0 = Release|Any CPU
		{454F4086-9408-4A3E-8113-78AB7348E36F}.Release|x86.ActiveCfg = Release|Any CPU
		{454F4086-9408-4A3E-8113-78AB7348E36F}.Release|x86.Build.0 = Release|Any CPU
		{5AD9A038-9D61-4862-B91A-54BF0573362F}.AppStore|Any CPU.ActiveCfg = Release|Any CPU
		{5AD9A038-9D61-4862-B91A-54BF0573362F}.AppStore|Any CPU.Build.0 = Release|Any CPU
		{5AD9A038-9D61-4862-B91A-54BF0573362F}.AppStore|ARM.ActiveCfg = Release|Any CPU
		{5AD9A038-9D61-4862-B91A-54BF0573362F}.AppStore|ARM.Build.0 = Release|Any CPU
		{5AD9A038-9D61-4862-B91A-54BF0573362F}.AppStore|iPhone.ActiveCfg = Release|Any CPU
		{5AD9A038-9D61-4862-B91A-54BF0573362F}.AppStore|iPhone.Build.0 = Release|Any CPU
		{5AD9A038-9D61-4862-B91A-54BF0573362F}.AppStore|iPhoneSimulator.ActiveCfg = Release|Any CPU
		{5AD9A038-9D61-4862-B91A-54BF0573362F}.AppStore|iPhoneSimulator.Build.0 = Release|Any CPU
		{5AD9A038-9D61-4862-B91A-54BF0573362F}.AppStore|x86.ActiveCfg = Release|Any CPU
		{5AD9A038-9D61-4862-B91A-54BF0573362F}.AppStore|x86.Build.0 = Release|Any CPU
		{5AD9A038-9D61-4862-B91A-54BF0573362F}.Debug|Any CPU.ActiveCfg = Debug|Any CPU
		{5AD9A038-9D61-4862-B91A-54BF0573362F}.Debug|Any CPU.Build.0 = Debug|Any CPU
		{5AD9A038-9D61-4862-B91A-54BF0573362F}.Debug|ARM.ActiveCfg = Debug|Any CPU
		{5AD9A038-9D61-4862-B91A-54BF0573362F}.Debug|ARM.Build.0 = Debug|Any CPU
		{5AD9A038-9D61-4862-B91A-54BF0573362F}.Debug|iPhone.ActiveCfg = Debug|Any CPU
		{5AD9A038-9D61-4862-B91A-54BF0573362F}.Debug|iPhone.Build.0 = Debug|Any CPU
		{5AD9A038-9D61-4862-B91A-54BF0573362F}.Debug|iPhoneSimulator.ActiveCfg = Debug|Any CPU
		{5AD9A038-9D61-4862-B91A-54BF0573362F}.Debug|iPhoneSimulator.Build.0 = Debug|Any CPU
		{5AD9A038-9D61-4862-B91A-54BF0573362F}.Debug|x86.ActiveCfg = Debug|Any CPU
		{5AD9A038-9D61-4862-B91A-54BF0573362F}.Debug|x86.Build.0 = Debug|Any CPU
		{5AD9A038-9D61-4862-B91A-54BF0573362F}.Release|Any CPU.ActiveCfg = Release|Any CPU
		{5AD9A038-9D61-4862-B91A-54BF0573362F}.Release|Any CPU.Build.0 = Release|Any CPU
		{5AD9A038-9D61-4862-B91A-54BF0573362F}.Release|ARM.ActiveCfg = Release|Any CPU
		{5AD9A038-9D61-4862-B91A-54BF0573362F}.Release|ARM.Build.0 = Release|Any CPU
		{5AD9A038-9D61-4862-B91A-54BF0573362F}.Release|iPhone.ActiveCfg = Release|Any CPU
		{5AD9A038-9D61-4862-B91A-54BF0573362F}.Release|iPhone.Build.0 = Release|Any CPU
		{5AD9A038-9D61-4862-B91A-54BF0573362F}.Release|iPhoneSimulator.ActiveCfg = Release|Any CPU
		{5AD9A038-9D61-4862-B91A-54BF0573362F}.Release|iPhoneSimulator.Build.0 = Release|Any CPU
		{5AD9A038-9D61-4862-B91A-54BF0573362F}.Release|x86.ActiveCfg = Release|Any CPU
		{5AD9A038-9D61-4862-B91A-54BF0573362F}.Release|x86.Build.0 = Release|Any CPU
		{5071C752-DABF-41CF-94AA-1000652D17D3}.AppStore|Any CPU.ActiveCfg = Release|Any CPU
		{5071C752-DABF-41CF-94AA-1000652D17D3}.AppStore|Any CPU.Build.0 = Release|Any CPU
		{5071C752-DABF-41CF-94AA-1000652D17D3}.AppStore|ARM.ActiveCfg = Release|Any CPU
		{5071C752-DABF-41CF-94AA-1000652D17D3}.AppStore|ARM.Build.0 = Release|Any CPU
		{5071C752-DABF-41CF-94AA-1000652D17D3}.AppStore|iPhone.ActiveCfg = Release|Any CPU
		{5071C752-DABF-41CF-94AA-1000652D17D3}.AppStore|iPhone.Build.0 = Release|Any CPU
		{5071C752-DABF-41CF-94AA-1000652D17D3}.AppStore|iPhoneSimulator.ActiveCfg = Release|Any CPU
		{5071C752-DABF-41CF-94AA-1000652D17D3}.AppStore|iPhoneSimulator.Build.0 = Release|Any CPU
		{5071C752-DABF-41CF-94AA-1000652D17D3}.AppStore|x86.ActiveCfg = Release|Any CPU
		{5071C752-DABF-41CF-94AA-1000652D17D3}.AppStore|x86.Build.0 = Release|Any CPU
		{5071C752-DABF-41CF-94AA-1000652D17D3}.Debug|Any CPU.ActiveCfg = Debug|Any CPU
		{5071C752-DABF-41CF-94AA-1000652D17D3}.Debug|Any CPU.Build.0 = Debug|Any CPU
		{5071C752-DABF-41CF-94AA-1000652D17D3}.Debug|ARM.ActiveCfg = Debug|Any CPU
		{5071C752-DABF-41CF-94AA-1000652D17D3}.Debug|ARM.Build.0 = Debug|Any CPU
		{5071C752-DABF-41CF-94AA-1000652D17D3}.Debug|iPhone.ActiveCfg = Debug|Any CPU
		{5071C752-DABF-41CF-94AA-1000652D17D3}.Debug|iPhone.Build.0 = Debug|Any CPU
		{5071C752-DABF-41CF-94AA-1000652D17D3}.Debug|iPhoneSimulator.ActiveCfg = Debug|Any CPU
		{5071C752-DABF-41CF-94AA-1000652D17D3}.Debug|iPhoneSimulator.Build.0 = Debug|Any CPU
		{5071C752-DABF-41CF-94AA-1000652D17D3}.Debug|x86.ActiveCfg = Debug|Any CPU
		{5071C752-DABF-41CF-94AA-1000652D17D3}.Debug|x86.Build.0 = Debug|Any CPU
		{5071C752-DABF-41CF-94AA-1000652D17D3}.Release|Any CPU.ActiveCfg = Release|Any CPU
		{5071C752-DABF-41CF-94AA-1000652D17D3}.Release|Any CPU.Build.0 = Release|Any CPU
		{5071C752-DABF-41CF-94AA-1000652D17D3}.Release|ARM.ActiveCfg = Release|Any CPU
		{5071C752-DABF-41CF-94AA-1000652D17D3}.Release|ARM.Build.0 = Release|Any CPU
		{5071C752-DABF-41CF-94AA-1000652D17D3}.Release|iPhone.ActiveCfg = Release|Any CPU
		{5071C752-DABF-41CF-94AA-1000652D17D3}.Release|iPhone.Build.0 = Release|Any CPU
		{5071C752-DABF-41CF-94AA-1000652D17D3}.Release|iPhoneSimulator.ActiveCfg = Release|Any CPU
		{5071C752-DABF-41CF-94AA-1000652D17D3}.Release|iPhoneSimulator.Build.0 = Release|Any CPU
		{5071C752-DABF-41CF-94AA-1000652D17D3}.Release|x86.ActiveCfg = Release|Any CPU
		{5071C752-DABF-41CF-94AA-1000652D17D3}.Release|x86.Build.0 = Release|Any CPU
		{2C3CB59D-BE7C-43BE-B01C-28B97BFEDB63}.AppStore|Any CPU.ActiveCfg = Release|Any CPU
		{2C3CB59D-BE7C-43BE-B01C-28B97BFEDB63}.AppStore|Any CPU.Build.0 = Release|Any CPU
		{2C3CB59D-BE7C-43BE-B01C-28B97BFEDB63}.AppStore|Any CPU.Deploy.0 = Release|Any CPU
		{2C3CB59D-BE7C-43BE-B01C-28B97BFEDB63}.AppStore|ARM.ActiveCfg = Release|Any CPU
		{2C3CB59D-BE7C-43BE-B01C-28B97BFEDB63}.AppStore|ARM.Build.0 = Release|Any CPU
		{2C3CB59D-BE7C-43BE-B01C-28B97BFEDB63}.AppStore|ARM.Deploy.0 = Release|Any CPU
		{2C3CB59D-BE7C-43BE-B01C-28B97BFEDB63}.AppStore|iPhone.ActiveCfg = Release|Any CPU
		{2C3CB59D-BE7C-43BE-B01C-28B97BFEDB63}.AppStore|iPhone.Build.0 = Release|Any CPU
		{2C3CB59D-BE7C-43BE-B01C-28B97BFEDB63}.AppStore|iPhone.Deploy.0 = Release|Any CPU
		{2C3CB59D-BE7C-43BE-B01C-28B97BFEDB63}.AppStore|iPhoneSimulator.ActiveCfg = Release|Any CPU
		{2C3CB59D-BE7C-43BE-B01C-28B97BFEDB63}.AppStore|iPhoneSimulator.Build.0 = Release|Any CPU
		{2C3CB59D-BE7C-43BE-B01C-28B97BFEDB63}.AppStore|iPhoneSimulator.Deploy.0 = Release|Any CPU
		{2C3CB59D-BE7C-43BE-B01C-28B97BFEDB63}.AppStore|x86.ActiveCfg = Release|Any CPU
		{2C3CB59D-BE7C-43BE-B01C-28B97BFEDB63}.AppStore|x86.Build.0 = Release|Any CPU
		{2C3CB59D-BE7C-43BE-B01C-28B97BFEDB63}.AppStore|x86.Deploy.0 = Release|Any CPU
		{2C3CB59D-BE7C-43BE-B01C-28B97BFEDB63}.Debug|Any CPU.ActiveCfg = Debug|Any CPU
		{2C3CB59D-BE7C-43BE-B01C-28B97BFEDB63}.Debug|Any CPU.Build.0 = Debug|Any CPU
		{2C3CB59D-BE7C-43BE-B01C-28B97BFEDB63}.Debug|Any CPU.Deploy.0 = Debug|Any CPU
		{2C3CB59D-BE7C-43BE-B01C-28B97BFEDB63}.Debug|ARM.ActiveCfg = Debug|Any CPU
		{2C3CB59D-BE7C-43BE-B01C-28B97BFEDB63}.Debug|ARM.Build.0 = Debug|Any CPU
		{2C3CB59D-BE7C-43BE-B01C-28B97BFEDB63}.Debug|ARM.Deploy.0 = Debug|Any CPU
		{2C3CB59D-BE7C-43BE-B01C-28B97BFEDB63}.Debug|iPhone.ActiveCfg = Debug|Any CPU
		{2C3CB59D-BE7C-43BE-B01C-28B97BFEDB63}.Debug|iPhone.Build.0 = Debug|Any CPU
		{2C3CB59D-BE7C-43BE-B01C-28B97BFEDB63}.Debug|iPhone.Deploy.0 = Debug|Any CPU
		{2C3CB59D-BE7C-43BE-B01C-28B97BFEDB63}.Debug|iPhoneSimulator.ActiveCfg = Debug|Any CPU
		{2C3CB59D-BE7C-43BE-B01C-28B97BFEDB63}.Debug|iPhoneSimulator.Build.0 = Debug|Any CPU
		{2C3CB59D-BE7C-43BE-B01C-28B97BFEDB63}.Debug|iPhoneSimulator.Deploy.0 = Debug|Any CPU
		{2C3CB59D-BE7C-43BE-B01C-28B97BFEDB63}.Debug|x86.ActiveCfg = Debug|Any CPU
		{2C3CB59D-BE7C-43BE-B01C-28B97BFEDB63}.Debug|x86.Build.0 = Debug|Any CPU
		{2C3CB59D-BE7C-43BE-B01C-28B97BFEDB63}.Debug|x86.Deploy.0 = Debug|Any CPU
		{2C3CB59D-BE7C-43BE-B01C-28B97BFEDB63}.Release|Any CPU.ActiveCfg = Release|Any CPU
		{2C3CB59D-BE7C-43BE-B01C-28B97BFEDB63}.Release|Any CPU.Build.0 = Release|Any CPU
		{2C3CB59D-BE7C-43BE-B01C-28B97BFEDB63}.Release|Any CPU.Deploy.0 = Release|Any CPU
		{2C3CB59D-BE7C-43BE-B01C-28B97BFEDB63}.Release|ARM.ActiveCfg = Release|Any CPU
		{2C3CB59D-BE7C-43BE-B01C-28B97BFEDB63}.Release|ARM.Build.0 = Release|Any CPU
		{2C3CB59D-BE7C-43BE-B01C-28B97BFEDB63}.Release|ARM.Deploy.0 = Release|Any CPU
		{2C3CB59D-BE7C-43BE-B01C-28B97BFEDB63}.Release|iPhone.ActiveCfg = Release|Any CPU
		{2C3CB59D-BE7C-43BE-B01C-28B97BFEDB63}.Release|iPhone.Build.0 = Release|Any CPU
		{2C3CB59D-BE7C-43BE-B01C-28B97BFEDB63}.Release|iPhone.Deploy.0 = Release|Any CPU
		{2C3CB59D-BE7C-43BE-B01C-28B97BFEDB63}.Release|iPhoneSimulator.ActiveCfg = Release|Any CPU
		{2C3CB59D-BE7C-43BE-B01C-28B97BFEDB63}.Release|iPhoneSimulator.Build.0 = Release|Any CPU
		{2C3CB59D-BE7C-43BE-B01C-28B97BFEDB63}.Release|iPhoneSimulator.Deploy.0 = Release|Any CPU
		{2C3CB59D-BE7C-43BE-B01C-28B97BFEDB63}.Release|x86.ActiveCfg = Release|Any CPU
		{2C3CB59D-BE7C-43BE-B01C-28B97BFEDB63}.Release|x86.Build.0 = Release|Any CPU
		{2C3CB59D-BE7C-43BE-B01C-28B97BFEDB63}.Release|x86.Deploy.0 = Release|Any CPU
		{7048E275-821E-42C1-918D-C209795F7408}.AppStore|Any CPU.ActiveCfg = AppStore|iPhone
		{7048E275-821E-42C1-918D-C209795F7408}.AppStore|ARM.ActiveCfg = AppStore|iPhone
		{7048E275-821E-42C1-918D-C209795F7408}.AppStore|iPhone.ActiveCfg = AppStore|iPhone
		{7048E275-821E-42C1-918D-C209795F7408}.AppStore|iPhone.Build.0 = AppStore|iPhone
		{7048E275-821E-42C1-918D-C209795F7408}.AppStore|iPhoneSimulator.ActiveCfg = AppStore|iPhoneSimulator
		{7048E275-821E-42C1-918D-C209795F7408}.AppStore|iPhoneSimulator.Build.0 = AppStore|iPhoneSimulator
		{7048E275-821E-42C1-918D-C209795F7408}.AppStore|x86.ActiveCfg = AppStore|iPhone
		{7048E275-821E-42C1-918D-C209795F7408}.Debug|Any CPU.ActiveCfg = Debug|iPhone
		{7048E275-821E-42C1-918D-C209795F7408}.Debug|ARM.ActiveCfg = Debug|iPhone
		{7048E275-821E-42C1-918D-C209795F7408}.Debug|iPhone.ActiveCfg = Debug|iPhone
		{7048E275-821E-42C1-918D-C209795F7408}.Debug|iPhone.Build.0 = Debug|iPhone
		{7048E275-821E-42C1-918D-C209795F7408}.Debug|iPhoneSimulator.ActiveCfg = Debug|iPhoneSimulator
		{7048E275-821E-42C1-918D-C209795F7408}.Debug|iPhoneSimulator.Build.0 = Debug|iPhoneSimulator
		{7048E275-821E-42C1-918D-C209795F7408}.Debug|x86.ActiveCfg = Debug|iPhone
		{7048E275-821E-42C1-918D-C209795F7408}.Release|Any CPU.ActiveCfg = Release|iPhone
		{7048E275-821E-42C1-918D-C209795F7408}.Release|ARM.ActiveCfg = Release|iPhone
		{7048E275-821E-42C1-918D-C209795F7408}.Release|iPhone.ActiveCfg = Release|iPhone
		{7048E275-821E-42C1-918D-C209795F7408}.Release|iPhone.Build.0 = Release|iPhone
		{7048E275-821E-42C1-918D-C209795F7408}.Release|iPhoneSimulator.ActiveCfg = Release|iPhoneSimulator
		{7048E275-821E-42C1-918D-C209795F7408}.Release|iPhoneSimulator.Build.0 = Release|iPhoneSimulator
		{7048E275-821E-42C1-918D-C209795F7408}.Release|x86.ActiveCfg = Release|iPhone
		{CBC3449D-B205-46BB-8DDA-77B71E61C334}.AppStore|Any CPU.ActiveCfg = Release|Any CPU
		{CBC3449D-B205-46BB-8DDA-77B71E61C334}.AppStore|Any CPU.Build.0 = Release|Any CPU
		{CBC3449D-B205-46BB-8DDA-77B71E61C334}.AppStore|Any CPU.Deploy.0 = Release|Any CPU
		{CBC3449D-B205-46BB-8DDA-77B71E61C334}.AppStore|ARM.ActiveCfg = Release|ARM
		{CBC3449D-B205-46BB-8DDA-77B71E61C334}.AppStore|ARM.Build.0 = Release|ARM
		{CBC3449D-B205-46BB-8DDA-77B71E61C334}.AppStore|ARM.Deploy.0 = Release|ARM
		{CBC3449D-B205-46BB-8DDA-77B71E61C334}.AppStore|iPhone.ActiveCfg = Release|Any CPU
		{CBC3449D-B205-46BB-8DDA-77B71E61C334}.AppStore|iPhone.Build.0 = Release|Any CPU
		{CBC3449D-B205-46BB-8DDA-77B71E61C334}.AppStore|iPhone.Deploy.0 = Release|Any CPU
		{CBC3449D-B205-46BB-8DDA-77B71E61C334}.AppStore|iPhoneSimulator.ActiveCfg = Release|Any CPU
		{CBC3449D-B205-46BB-8DDA-77B71E61C334}.AppStore|iPhoneSimulator.Build.0 = Release|Any CPU
		{CBC3449D-B205-46BB-8DDA-77B71E61C334}.AppStore|iPhoneSimulator.Deploy.0 = Release|Any CPU
		{CBC3449D-B205-46BB-8DDA-77B71E61C334}.AppStore|x86.ActiveCfg = Release|x86
		{CBC3449D-B205-46BB-8DDA-77B71E61C334}.AppStore|x86.Build.0 = Release|x86
		{CBC3449D-B205-46BB-8DDA-77B71E61C334}.AppStore|x86.Deploy.0 = Release|x86
		{CBC3449D-B205-46BB-8DDA-77B71E61C334}.Debug|Any CPU.ActiveCfg = Debug|Any CPU
		{CBC3449D-B205-46BB-8DDA-77B71E61C334}.Debug|Any CPU.Build.0 = Debug|Any CPU
		{CBC3449D-B205-46BB-8DDA-77B71E61C334}.Debug|Any CPU.Deploy.0 = Debug|Any CPU
		{CBC3449D-B205-46BB-8DDA-77B71E61C334}.Debug|ARM.ActiveCfg = Debug|ARM
		{CBC3449D-B205-46BB-8DDA-77B71E61C334}.Debug|ARM.Build.0 = Debug|ARM
		{CBC3449D-B205-46BB-8DDA-77B71E61C334}.Debug|ARM.Deploy.0 = Debug|ARM
		{CBC3449D-B205-46BB-8DDA-77B71E61C334}.Debug|iPhone.ActiveCfg = Debug|Any CPU
		{CBC3449D-B205-46BB-8DDA-77B71E61C334}.Debug|iPhone.Build.0 = Debug|Any CPU
		{CBC3449D-B205-46BB-8DDA-77B71E61C334}.Debug|iPhone.Deploy.0 = Debug|Any CPU
		{CBC3449D-B205-46BB-8DDA-77B71E61C334}.Debug|iPhoneSimulator.ActiveCfg = Debug|Any CPU
		{CBC3449D-B205-46BB-8DDA-77B71E61C334}.Debug|iPhoneSimulator.Build.0 = Debug|Any CPU
		{CBC3449D-B205-46BB-8DDA-77B71E61C334}.Debug|iPhoneSimulator.Deploy.0 = Debug|Any CPU
		{CBC3449D-B205-46BB-8DDA-77B71E61C334}.Debug|x86.ActiveCfg = Debug|x86
		{CBC3449D-B205-46BB-8DDA-77B71E61C334}.Debug|x86.Build.0 = Debug|x86
		{CBC3449D-B205-46BB-8DDA-77B71E61C334}.Debug|x86.Deploy.0 = Debug|x86
		{CBC3449D-B205-46BB-8DDA-77B71E61C334}.Release|Any CPU.ActiveCfg = Release|Any CPU
		{CBC3449D-B205-46BB-8DDA-77B71E61C334}.Release|Any CPU.Build.0 = Release|Any CPU
		{CBC3449D-B205-46BB-8DDA-77B71E61C334}.Release|Any CPU.Deploy.0 = Release|Any CPU
		{CBC3449D-B205-46BB-8DDA-77B71E61C334}.Release|ARM.ActiveCfg = Release|ARM
		{CBC3449D-B205-46BB-8DDA-77B71E61C334}.Release|ARM.Build.0 = Release|ARM
		{CBC3449D-B205-46BB-8DDA-77B71E61C334}.Release|ARM.Deploy.0 = Release|ARM
		{CBC3449D-B205-46BB-8DDA-77B71E61C334}.Release|iPhone.ActiveCfg = Release|Any CPU
		{CBC3449D-B205-46BB-8DDA-77B71E61C334}.Release|iPhone.Build.0 = Release|Any CPU
		{CBC3449D-B205-46BB-8DDA-77B71E61C334}.Release|iPhone.Deploy.0 = Release|Any CPU
		{CBC3449D-B205-46BB-8DDA-77B71E61C334}.Release|iPhoneSimulator.ActiveCfg = Release|Any CPU
		{CBC3449D-B205-46BB-8DDA-77B71E61C334}.Release|iPhoneSimulator.Build.0 = Release|Any CPU
		{CBC3449D-B205-46BB-8DDA-77B71E61C334}.Release|iPhoneSimulator.Deploy.0 = Release|Any CPU
		{CBC3449D-B205-46BB-8DDA-77B71E61C334}.Release|x86.ActiveCfg = Release|x86
		{CBC3449D-B205-46BB-8DDA-77B71E61C334}.Release|x86.Build.0 = Release|x86
		{CBC3449D-B205-46BB-8DDA-77B71E61C334}.Release|x86.Deploy.0 = Release|x86
		{E5F4D40D-059E-46DB-A083-8731E485D74D}.AppStore|Any CPU.ActiveCfg = Release|Any CPU
		{E5F4D40D-059E-46DB-A083-8731E485D74D}.AppStore|Any CPU.Build.0 = Release|Any CPU
		{E5F4D40D-059E-46DB-A083-8731E485D74D}.AppStore|ARM.ActiveCfg = Release|Any CPU
		{E5F4D40D-059E-46DB-A083-8731E485D74D}.AppStore|ARM.Build.0 = Release|Any CPU
		{E5F4D40D-059E-46DB-A083-8731E485D74D}.AppStore|iPhone.ActiveCfg = Release|Any CPU
		{E5F4D40D-059E-46DB-A083-8731E485D74D}.AppStore|iPhone.Build.0 = Release|Any CPU
		{E5F4D40D-059E-46DB-A083-8731E485D74D}.AppStore|iPhoneSimulator.ActiveCfg = Release|Any CPU
		{E5F4D40D-059E-46DB-A083-8731E485D74D}.AppStore|iPhoneSimulator.Build.0 = Release|Any CPU
		{E5F4D40D-059E-46DB-A083-8731E485D74D}.AppStore|x86.ActiveCfg = Release|Any CPU
		{E5F4D40D-059E-46DB-A083-8731E485D74D}.AppStore|x86.Build.0 = Release|Any CPU
		{E5F4D40D-059E-46DB-A083-8731E485D74D}.Debug|Any CPU.ActiveCfg = Debug|Any CPU
		{E5F4D40D-059E-46DB-A083-8731E485D74D}.Debug|Any CPU.Build.0 = Debug|Any CPU
		{E5F4D40D-059E-46DB-A083-8731E485D74D}.Debug|ARM.ActiveCfg = Debug|Any CPU
		{E5F4D40D-059E-46DB-A083-8731E485D74D}.Debug|ARM.Build.0 = Debug|Any CPU
		{E5F4D40D-059E-46DB-A083-8731E485D74D}.Debug|iPhone.ActiveCfg = Debug|Any CPU
		{E5F4D40D-059E-46DB-A083-8731E485D74D}.Debug|iPhone.Build.0 = Debug|Any CPU
		{E5F4D40D-059E-46DB-A083-8731E485D74D}.Debug|iPhoneSimulator.ActiveCfg = Debug|Any CPU
		{E5F4D40D-059E-46DB-A083-8731E485D74D}.Debug|iPhoneSimulator.Build.0 = Debug|Any CPU
		{E5F4D40D-059E-46DB-A083-8731E485D74D}.Debug|x86.ActiveCfg = Debug|Any CPU
		{E5F4D40D-059E-46DB-A083-8731E485D74D}.Debug|x86.Build.0 = Debug|Any CPU
		{E5F4D40D-059E-46DB-A083-8731E485D74D}.Release|Any CPU.ActiveCfg = Release|Any CPU
		{E5F4D40D-059E-46DB-A083-8731E485D74D}.Release|Any CPU.Build.0 = Release|Any CPU
		{E5F4D40D-059E-46DB-A083-8731E485D74D}.Release|ARM.ActiveCfg = Release|Any CPU
		{E5F4D40D-059E-46DB-A083-8731E485D74D}.Release|ARM.Build.0 = Release|Any CPU
		{E5F4D40D-059E-46DB-A083-8731E485D74D}.Release|iPhone.ActiveCfg = Release|Any CPU
		{E5F4D40D-059E-46DB-A083-8731E485D74D}.Release|iPhone.Build.0 = Release|Any CPU
		{E5F4D40D-059E-46DB-A083-8731E485D74D}.Release|iPhoneSimulator.ActiveCfg = Release|Any CPU
		{E5F4D40D-059E-46DB-A083-8731E485D74D}.Release|iPhoneSimulator.Build.0 = Release|Any CPU
		{E5F4D40D-059E-46DB-A083-8731E485D74D}.Release|x86.ActiveCfg = Release|Any CPU
		{E5F4D40D-059E-46DB-A083-8731E485D74D}.Release|x86.Build.0 = Release|Any CPU
	EndGlobalSection
	GlobalSection(SolutionProperties) = preSolution
		HideSolutionNode = FALSE
	EndGlobalSection
	GlobalSection(NestedProjects) = preSolution
		{454F4086-9408-4A3E-8113-78AB7348E36F} = {430C1BD3-5BE5-46E7-86B1-5E82E3FA58A5}
		{5AD9A038-9D61-4862-B91A-54BF0573362F} = {430C1BD3-5BE5-46E7-86B1-5E82E3FA58A5}
		{5071C752-DABF-41CF-94AA-1000652D17D3} = {84E78CF3-0BDE-4C10-B137-406673B5EFEA}
		{2C3CB59D-BE7C-43BE-B01C-28B97BFEDB63} = {DFEC69F4-EBCC-4705-9B35-01FBE3321701}
		{7048E275-821E-42C1-918D-C209795F7408} = {DFEC69F4-EBCC-4705-9B35-01FBE3321701}
		{CBC3449D-B205-46BB-8DDA-77B71E61C334} = {DFEC69F4-EBCC-4705-9B35-01FBE3321701}
		{009855CD-69D2-43E8-BD28-71058CA9EF05} = {DFEC69F4-EBCC-4705-9B35-01FBE3321701}
		{E5F4D40D-059E-46DB-A083-8731E485D74D} = {40789A5B-23D8-477F-BF48-5C07DA26E026}
	EndGlobalSection
EndGlobal
